PODS:
  - IGColorPicker (0.3.0):
    - M13Checkbox (~> 3.2.0)
  - M13Checkbox (3.2.2)

DEPENDENCIES:
  - IGColorPicker (from `../`)

SPEC REPOS:
  https://github.com/cocoapods/specs.git:
    - M13Checkbox

EXTERNAL SOURCES:
  IGColorPicker:
    :path: "../"

SPEC CHECKSUMS:
  IGColorPicker: ea11d4e5de19eb3e047960771637246e9f0b939d
  M13Checkbox: a8c2491cfbbca10797925fd0b9154a782bf40d89

PODFILE CHECKSUM: 4ebb9ec0d26d8739b0c18dc9faaa5462d18e8245

COCOAPODS: 1.5.3
