PODS:
  - IGColorPicker (0.4.3):
    - M13Checkbox
  - M13Checkbox (3.4.0)

DEPENDENCIES:
  - IGColorPicker (from `../`)

SPEC REPOS:
  https://github.com/cocoapods/specs.git:
    - M13Checkbox

EXTERNAL SOURCES:
  IGColorPicker:
    :path: "../"

SPEC CHECKSUMS:
  IGColorPicker: 5678a791e8ac0c6f1c07d3f58151d34c70bcc565
  M13Checkbox: 6f59404540ac98ba83a3d1afac335895a40c6a5d

PODFILE CHECKSUM: 37679cb6c192a18d2407f0b8487e4b9ce7d179ac

COCOAPODS: 1.7.2
