PODS:
  - IGColorPicker (0.4.3):
    - M13Checkbox
  - M13Checkbox (3.4.0)

DEPENDENCIES:
  - IGColorPicker (from `../`)

SPEC REPOS:
  https://github.com/cocoapods/specs.git:
    - M13Checkbox

EXTERNAL SOURCES:
  IGColorPicker:
    :path: "../"

SPEC CHECKSUMS:
  IGColorPicker: ef810e598bb14ce6143f08bc631360b13b8881c1
  M13Checkbox: 6f59404540ac98ba83a3d1afac335895a40c6a5d

PODFILE CHECKSUM: 4ebb9ec0d26d8739b0c18dc9faaa5462d18e8245

COCOAPODS: 1.7.5
